
Microsoft Visual Studio Solution File, Format Version 12.00
# Visual Studio 15
VisualStudioVersion = 15.0.27703.2035
MinimumVisualStudioVersion = 10.0.40219.1
Project("{FAE04EC0-301F-11D3-BF4B-00C04F79EFBC}") = "NetMVCBlogApp", "NetMVCBlogApp\NetMVCBlogApp.csproj", "{DFA2841C-6ECE-4FFA-BF9D-63455055ACDE}"
EndProject
Global
	GlobalSection(SolutionConfigurationPlatforms) = preSolution
		Debug|Any CPU = Debug|Any CPU
		Release|Any CPU = Release|Any CPU
	EndGlobalSection
	GlobalSection(ProjectConfigurationPlatforms) = postSolution
		{DFA2841C-6ECE-4FFA-BF9D-63455055ACDE}.Debug|Any CPU.ActiveCfg = Debug|Any CPU
		{DFA2841C-6ECE-4FFA-BF9D-63455055ACDE}.Debug|Any CPU.Build.0 = Debug|Any CPU
		{DFA2841C-6ECE-4FFA-BF9D-63455055ACDE}.Release|Any CPU.ActiveCfg = Release|Any CPU
		{DFA2841C-6ECE-4FFA-BF9D-63455055ACDE}.Release|Any CPU.Build.0 = Release|Any CPU
	EndGlobalSection
	GlobalSection(SolutionProperties) = preSolution
		HideSolutionNode = FALSE
	EndGlobalSection
	GlobalSection(ExtensibilityGlobals) = postSolution
		SolutionGuid = {D71AB34E-2689-433C-B9EF-0529F8FE2DEE}
	EndGlobalSection
EndGlobal
